
Microsoft Visual Studio Solution File, Format Version 12.00
# Visual Studio 14
VisualStudioVersion = 14.0.25420.1
MinimumVisualStudioVersion = 10.0.40219.1
Project("{FAE04EC0-301F-11D3-BF4B-00C04F79EFBC}") = "Task1Logic", "Task1Logic\Task1Logic.csproj", "{8508A92D-F5E8-48EC-83A6-767573CB238C}"
EndProject
Project("{FAE04EC0-301F-11D3-BF4B-00C04F79EFBC}") = "Task1Console", "Task1Console\Task1Console.csproj", "{A6C28CF7-808A-4FD0-8372-D89111C8407F}"
EndProject
Global
	GlobalSection(SolutionConfigurationPlatforms) = preSolution
		Debug|Any CPU = Debug|Any CPU
		Release|Any CPU = Release|Any CPU
	EndGlobalSection
	GlobalSection(ProjectConfigurationPlatforms) = postSolution
		{8508A92D-F5E8-48EC-83A6-767573CB238C}.Debug|Any CPU.ActiveCfg = Debug|Any CPU
		{8508A92D-F5E8-48EC-83A6-767573CB238C}.Debug|Any CPU.Build.0 = Debug|Any CPU
		{8508A92D-F5E8-48EC-83A6-767573CB238C}.Release|Any CPU.ActiveCfg = Release|Any CPU
		{8508A92D-F5E8-48EC-83A6-767573CB238C}.Release|Any CPU.Build.0 = Release|Any CPU
		{A6C28CF7-808A-4FD0-8372-D89111C8407F}.Debug|Any CPU.ActiveCfg = Debug|Any CPU
		{A6C28CF7-808A-4FD0-8372-D89111C8407F}.Debug|Any CPU.Build.0 = Debug|Any CPU
		{A6C28CF7-808A-4FD0-8372-D89111C8407F}.Release|Any CPU.ActiveCfg = Release|Any CPU
		{A6C28CF7-808A-4FD0-8372-D89111C8407F}.Release|Any CPU.Build.0 = Release|Any CPU
	EndGlobalSection
	GlobalSection(SolutionProperties) = preSolution
		HideSolutionNode = FALSE
	EndGlobalSection
EndGlobal
